
Microsoft Visual Studio Solution File, Format Version 12.00
# Visual Studio Version 16
VisualStudioVersion = 16.0.30611.23
MinimumVisualStudioVersion = 10.0.40219.1
Project("{FAE04EC0-301F-11D3-BF4B-00C04F79EFBC}") = "MIS.Data", "MIS.Data\MIS.Data.csproj", "{3FCBE265-BE0D-4B24-B5DD-2730F26A8532}"
EndProject
Project("{FAE04EC0-301F-11D3-BF4B-00C04F79EFBC}") = "MIS.API", "MIS.API\MIS.API.csproj", "{641FE86D-8347-495E-AE94-E142453125BD}"
EndProject
Global
	GlobalSection(SolutionConfigurationPlatforms) = preSolution
		Debug|Any CPU = Debug|Any CPU
		Release|Any CPU = Release|Any CPU
	EndGlobalSection
	GlobalSection(ProjectConfigurationPlatforms) = postSolution
		{3FCBE265-BE0D-4B24-B5DD-2730F26A8532}.Debug|Any CPU.ActiveCfg = Debug|Any CPU
		{3FCBE265-BE0D-4B24-B5DD-2730F26A8532}.Debug|Any CPU.Build.0 = Debug|Any CPU
		{3FCBE265-BE0D-4B24-B5DD-2730F26A8532}.Release|Any CPU.ActiveCfg = Release|Any CPU
		{3FCBE265-BE0D-4B24-B5DD-2730F26A8532}.Release|Any CPU.Build.0 = Release|Any CPU
		{641FE86D-8347-495E-AE94-E142453125BD}.Debug|Any CPU.ActiveCfg = Debug|Any CPU
		{641FE86D-8347-495E-AE94-E142453125BD}.Debug|Any CPU.Build.0 = Debug|Any CPU
		{641FE86D-8347-495E-AE94-E142453125BD}.Release|Any CPU.ActiveCfg = Release|Any CPU
		{641FE86D-8347-495E-AE94-E142453125BD}.Release|Any CPU.Build.0 = Release|Any CPU
	EndGlobalSection
	GlobalSection(SolutionProperties) = preSolution
		HideSolutionNode = FALSE
	EndGlobalSection
	GlobalSection(ExtensibilityGlobals) = postSolution
		SolutionGuid = {821CBD0F-77F6-4B82-A17C-24F3EBCE3BF7}
	EndGlobalSection
EndGlobal
